
Microsoft Visual Studio Solution File, Format Version 12.00
# Visual Studio Version 17
VisualStudioVersion = 17.0.32002.185
MinimumVisualStudioVersion = 10.0.40219.1
Project("{FAE04EC0-301F-11D3-BF4B-00C04F79EFBC}") = "GPAXCalulator2", "GPAXCalulator2\GPAXCalulator2.csproj", "{934D5F31-F935-4E3F-B170-956B5B828F3C}"
EndProject
Global
	GlobalSection(SolutionConfigurationPlatforms) = preSolution
		Debug|Any CPU = Debug|Any CPU
		Release|Any CPU = Release|Any CPU
	EndGlobalSection
	GlobalSection(ProjectConfigurationPlatforms) = postSolution
		{934D5F31-F935-4E3F-B170-956B5B828F3C}.Debug|Any CPU.ActiveCfg = Debug|Any CPU
		{934D5F31-F935-4E3F-B170-956B5B828F3C}.Debug|Any CPU.Build.0 = Debug|Any CPU
		{934D5F31-F935-4E3F-B170-956B5B828F3C}.Release|Any CPU.ActiveCfg = Release|Any CPU
		{934D5F31-F935-4E3F-B170-956B5B828F3C}.Release|Any CPU.Build.0 = Release|Any CPU
	EndGlobalSection
	GlobalSection(SolutionProperties) = preSolution
		HideSolutionNode = FALSE
	EndGlobalSection
	GlobalSection(ExtensibilityGlobals) = postSolution
		SolutionGuid = {5C882187-A296-481F-B05E-696F43C58807}
	EndGlobalSection
EndGlobal
